<Solution>
  <Folder Name="/src/">
    <Project Path="src/redb.Route.File/redb.Route.File.csproj" />
    <Project Path="src/redb.Route.Ftp/redb.Route.Ftp.csproj" />
    <Project Path="src/redb.Route.GenericFile/redb.Route.GenericFile.csproj" />
    <Project Path="src/redb.Route.Grpc/redb.Route.Grpc.csproj" />
    <Project Path="src/redb.Route.Http/redb.Route.Http.csproj" />
    <Project Path="src/redb.Route.Kafka/redb.Route.Kafka.csproj" />
    <Project Path="src/redb.Route.Tcp/redb.Route.Tcp.csproj" />
    <Project Path="src/redb.Route.WebSocket/redb.Route.WebSocket.csproj" />
    <Project Path="src/redb.Route.Quartz/redb.Route.Quartz.csproj" />
    <Project Path="src/redb.Route.Amqp/redb.Route.Amqp.csproj" />
    <Project Path="src/redb.Route.Mail/redb.Route.Mail.csproj" />
    <Project Path="src/redb.Route.Sftp/redb.Route.Sftp.csproj" />
    <Project Path="src/redb.Route.RabbitMQ/redb.Route.RabbitMQ.csproj" />
    <Project Path="src/redb.Route.Redis/redb.Route.Redis.csproj" />
    <Project Path="src/redb.Route.Core/redb.Route.Core.csproj" />
    <Project Path="src/redb.Route.Controllers/redb.Route.Controllers.csproj" />
    <Project Path="src/redb.Route.Sql/redb.Route.Sql.csproj" />
    <Project Path="src/redb.Route.MqttNet/redb.Route.MqttNet.csproj" />
    <Project Path="src/redb.Route.SignalR/redb.Route.SignalR.csproj" />
    <Project Path="src/redb.Route.IbmMq/redb.Route.IbmMq.csproj" />
    <Project Path="src/redb.Route.AzureServiceBus/redb.Route.AzureServiceBus.csproj" />
    <Project Path="src/redb.Route.Sqs/redb.Route.Sqs.csproj" />
    <Project Path="src/redb.Route.Telegram/redb.Route.Telegram.csproj" />
    <Project Path="src/redb.Route/redb.Route.csproj" />
    <Project Path="src/redb.Route.Firebase/redb.Route.Firebase.csproj" />
    <Project Path="src/redb.Route.Llm.Abstractions/redb.Route.Llm.Abstractions.csproj" />
    <Project Path="src/redb.Route.Llm/redb.Route.Llm.csproj" />
    <Project Path="src/redb.Route.Llm.Tools/redb.Route.Llm.Tools.csproj" />
    <Project Path="src/redb.Route.Llm.Mcp/redb.Route.Llm.Mcp.csproj" />
    <Project Path="src/redb.Route.Exec/redb.Route.Exec.csproj" />
  </Folder>
  <Folder Name="/tests/">
    <Project Path="tests/redb.Route.Tests.File/redb.Route.Tests.File.csproj" />
    <Project Path="tests/redb.Route.Tests.Ftp/redb.Route.Tests.Ftp.csproj" />
    <Project Path="tests/redb.Route.Tests.Grpc/redb.Route.Tests.Grpc.csproj" />
    <Project Path="tests/redb.Route.Tests.Http/redb.Route.Tests.Http.csproj" />
    <Project Path="tests/redb.Route.Tests.Kafka/redb.Route.Tests.Kafka.csproj" />
    <Project Path="tests/redb.Route.Tests.Llm/redb.Route.Tests.Llm.csproj" />
    <Project Path="tests/redb.Route.Tests.Llm.Mcp/redb.Route.Tests.Llm.Mcp.csproj" />
    <Project Path="tests/redb.Route.Tests.Tcp/redb.Route.Tests.Tcp.csproj" />
    <Project Path="tests/redb.Route.Tests.Exec/redb.Route.Tests.Exec.csproj" />
    <Project Path="tests/redb.Route.Tests.WebSocket/redb.Route.Tests.WebSocket.csproj" />
    <Project Path="tests/redb.Route.Tests.Quartz/redb.Route.Tests.Quartz.csproj" />
    <Project Path="tests/redb.Route.Tests.Amqp/redb.Route.Tests.Amqp.csproj" />
    <Project Path="tests/redb.Route.Tests.Mail/redb.Route.Tests.Mail.csproj" />
    <Project Path="tests/redb.Route.Tests.Sftp/redb.Route.Tests.Sftp.csproj" />
    <Project Path="tests/redb.Route.Tests.RabbitMQ/redb.Route.Tests.RabbitMQ.csproj" />
    <Project Path="tests/redb.Route.Tests.Redis/redb.Route.Tests.Redis.csproj" />
    <Project Path="tests/redb.Route.Tests.Core/redb.Route.Tests.Core.csproj" />
    <Project Path="tests/redb.Route.Tests.Sql/redb.Route.Tests.Sql.csproj" />
    <Project Path="tests/redb.Route.Tests.MqttNet/redb.Route.Tests.MqttNet.csproj" />
    <Project Path="tests/redb.Route.Tests/redb.Route.Tests.csproj" />
    <Project Path="tests/redb.Route.Tests.Controllers/redb.Route.Tests.Controllers.csproj" />
    <Project Path="tests/redb.Route.Tests.SignalR/redb.Route.Tests.SignalR.csproj" />
    <Project Path="tests/redb.Route.Tests.IbmMq/redb.Route.Tests.IbmMq.csproj" />
    <Project Path="tests/redb.Route.Tests.AzureServiceBus/redb.Route.Tests.AzureServiceBus.csproj" />
    <Project Path="tests/redb.Route.Tests.Telegram/redb.Route.Tests.Telegram.csproj" />
    <Project Path="tests/redb.Route.Tests.Firebase/redb.Route.Tests.Firebase.csproj" />
    <Project Path="tests/redb.Route.Tests.Sqs/redb.Route.Tests.Sqs.csproj" />
    <Project Path="tests/redb.Route.Tests.Elasticsearch/redb.Route.Tests.Elasticsearch.csproj" />
    <Project Path="tests/redb.Route.Tests.Ldap/redb.Route.Tests.Ldap.csproj" />
    <Project Path="tests/redb.Route.Tests.S3/redb.Route.Tests.S3.csproj" />
    <Project Path="tests/redb.Route.Validation.Adapters.Tests/redb.Route.Validation.Adapters.Tests.csproj" />
  </Folder>
</Solution>
